# This file is automatically @generated by Cargo.
# It is not intended for manual editing.
[[package]]
name = "cc"
version = "1.0.50"
source = "registry+https://github.com/rust-lang/crates.io-index"
checksum = "95e28fa049fda1c330bcf9d723be7663a899c4679724b34c81e9f5a326aab8cd"

[[package]]
name = "nj-sys"
version = "1.0.0"
source = "registry+https://github.com/rust-lang/crates.io-index"
checksum = "265486f44e56487f1fceb7f8637344f0a0c7764940ab0e8b52eb12f53a16b3d4"

[[package]]
name = "valet"
version = "0.1.0"
dependencies = [
 "cc",
 "nj-sys",
]
