# This file is automatically @generated by Cargo.
# It is not intended for manual editing.
[[package]]
name = "arrayvec"
version = "0.5.1"
source = "registry+https://github.com/rust-lang/crates.io-index"
checksum = "cff77d8686867eceff3105329d4698d96c2391c176d5d03adc90c7389162b5b8"

[[package]]
name = "cargo_metadata"
version = "0.9.1"
source = "registry+https://github.com/rust-lang/crates.io-index"
checksum = "46e3374c604fb39d1a2f35ed5e4a4e30e60d01fab49446e08f1b3e9a90aef202"
dependencies = [
 "semver",
 "serde",
 "serde_derive",
 "serde_json",
]

[[package]]
name = "drop_bomb"
version = "0.1.4"
source = "registry+https://github.com/rust-lang/crates.io-index"
checksum = "69b26e475fd29098530e709294e94e661974c851aed42512793f120fed4e199f"

[[package]]
name = "either"
version = "1.5.3"
source = "registry+https://github.com/rust-lang/crates.io-index"
checksum = "bb1f6b1ce1c140482ea30ddd3335fc0024ac7ee112895426e0a629a6c20adfe3"

[[package]]
name = "fs-err"
version = "2.3.0"
source = "registry+https://github.com/rust-lang/crates.io-index"
checksum = "c1a51f8b7158efbe531f7baa74e38e49fbc41239e5d66720bb37ed39c27c241a"

[[package]]
name = "gen_napi_stub"
version = "0.1.0"
dependencies = [
 "cargo_metadata",
 "fs-err",
 "ra_syntax",
]

[[package]]
name = "itertools"
version = "0.9.0"
source = "registry+https://github.com/rust-lang/crates.io-index"
checksum = "284f18f85651fe11e8a991b2adb42cb078325c996ed026d994719efcfca1d54b"
dependencies = [
 "either",
]

[[package]]
name = "itoa"
version = "0.4.5"
source = "registry+https://github.com/rust-lang/crates.io-index"
checksum = "b8b7a7c0c47db5545ed3fef7468ee7bb5b74691498139e4b3f6a20685dc6dd8e"

[[package]]
name = "once_cell"
version = "1.4.0"
source = "registry+https://github.com/rust-lang/crates.io-index"
checksum = "0b631f7e854af39a1739f401cf34a8a013dfe09eac4fa4dba91e9768bd28168d"

[[package]]
name = "proc-macro2"
version = "1.0.13"
source = "registry+https://github.com/rust-lang/crates.io-index"
checksum = "53f5ffe53a6b28e37c9c1ce74893477864d64f74778a93a4beb43c8fa167f639"
dependencies = [
 "unicode-xid",
]

[[package]]
name = "quote"
version = "1.0.6"
source = "registry+https://github.com/rust-lang/crates.io-index"
checksum = "54a21852a652ad6f610c9510194f398ff6f8692e334fd1145fed931f7fbe44ea"
dependencies = [
 "proc-macro2",
]

[[package]]
name = "ra_parser"
version = "0.1.0"
source = "git+https://github.com/rust-analyzer/rust-analyzer?rev=7a9ba1657daa9fd90c639dcd937da11b4f526675#7a9ba1657daa9fd90c639dcd937da11b4f526675"
dependencies = [
 "drop_bomb",
]

[[package]]
name = "ra_syntax"
version = "0.1.0"
source = "git+https://github.com/rust-analyzer/rust-analyzer?rev=7a9ba1657daa9fd90c639dcd937da11b4f526675#7a9ba1657daa9fd90c639dcd937da11b4f526675"
dependencies = [
 "arrayvec",
 "itertools",
 "once_cell",
 "ra_parser",
 "ra_text_edit",
 "rowan",
 "rustc-ap-rustc_lexer",
 "rustc-hash",
 "serde",
 "smol_str",
 "stdx",
]

[[package]]
name = "ra_text_edit"
version = "0.1.0"
source = "git+https://github.com/rust-analyzer/rust-analyzer?rev=7a9ba1657daa9fd90c639dcd937da11b4f526675#7a9ba1657daa9fd90c639dcd937da11b4f526675"
dependencies = [
 "text-size",
]

[[package]]
name = "rowan"
version = "0.10.0"
source = "registry+https://github.com/rust-lang/crates.io-index"
checksum = "1e081ed6eacce09e243b619ab90f069c27b0cff8a6d0eb8ad2ec935b65853798"
dependencies = [
 "rustc-hash",
 "smol_str",
 "text-size",
 "thin-dst",
]

[[package]]
name = "rustc-ap-rustc_lexer"
version = "652.0.0"
source = "registry+https://github.com/rust-lang/crates.io-index"
checksum = "3a6a43c4d0889218c5e2ae68ffea239f303fc05ab1078c73f74e63feb87f7889"
dependencies = [
 "unicode-xid",
]

[[package]]
name = "rustc-hash"
version = "1.1.0"
source = "registry+https://github.com/rust-lang/crates.io-index"
checksum = "08d43f7aa6b08d49f382cde6a7982047c3426db949b1424bc4b7ec9ae12c6ce2"

[[package]]
name = "ryu"
version = "1.0.4"
source = "registry+https://github.com/rust-lang/crates.io-index"
checksum = "ed3d612bc64430efeb3f7ee6ef26d590dce0c43249217bddc62112540c7941e1"

[[package]]
name = "semver"
version = "0.9.0"
source = "registry+https://github.com/rust-lang/crates.io-index"
checksum = "1d7eb9ef2c18661902cc47e535f9bc51b78acd254da71d375c2f6720d9a40403"
dependencies = [
 "semver-parser",
 "serde",
]

[[package]]
name = "semver-parser"
version = "0.7.0"
source = "registry+https://github.com/rust-lang/crates.io-index"
checksum = "388a1df253eca08550bef6c72392cfe7c30914bf41df5269b68cbd6ff8f570a3"

[[package]]
name = "serde"
version = "1.0.110"
source = "registry+https://github.com/rust-lang/crates.io-index"
checksum = "99e7b308464d16b56eba9964e4972a3eee817760ab60d88c3f86e1fecb08204c"
dependencies = [
 "serde_derive",
]

[[package]]
name = "serde_derive"
version = "1.0.110"
source = "registry+https://github.com/rust-lang/crates.io-index"
checksum = "818fbf6bfa9a42d3bfcaca148547aa00c7b915bec71d1757aa2d44ca68771984"
dependencies = [
 "proc-macro2",
 "quote",
 "syn",
]

[[package]]
name = "serde_json"
version = "1.0.53"
source = "registry+https://github.com/rust-lang/crates.io-index"
checksum = "993948e75b189211a9b31a7528f950c6adc21f9720b6438ff80a7fa2f864cea2"
dependencies = [
 "itoa",
 "ryu",
 "serde",
]

[[package]]
name = "smol_str"
version = "0.1.15"
source = "registry+https://github.com/rust-lang/crates.io-index"
checksum = "34836c9a295c62c2ce3514471117c5cb269891e8421b2aafdd910050576c4d8b"
dependencies = [
 "serde",
]

[[package]]
name = "stdx"
version = "0.1.0"
source = "git+https://github.com/rust-analyzer/rust-analyzer?rev=7a9ba1657daa9fd90c639dcd937da11b4f526675#7a9ba1657daa9fd90c639dcd937da11b4f526675"

[[package]]
name = "syn"
version = "1.0.22"
source = "registry+https://github.com/rust-lang/crates.io-index"
checksum = "1425de3c33b0941002740a420b1a906a350b88d08b82b2c8a01035a3f9447bac"
dependencies = [
 "proc-macro2",
 "quote",
 "unicode-xid",
]

[[package]]
name = "text-size"
version = "1.0.0"
source = "registry+https://github.com/rust-lang/crates.io-index"
checksum = "f03e7efdedc3bc78cb2337f1e2785c39e45f5ef762d9e4ebb137fff7380a6d8a"

[[package]]
name = "thin-dst"
version = "1.1.0"
source = "registry+https://github.com/rust-lang/crates.io-index"
checksum = "db3c46be180f1af9673ebb27bc1235396f61ef6965b3fe0dbb2e624deb604f0e"

[[package]]
name = "unicode-xid"
version = "0.2.0"
source = "registry+https://github.com/rust-lang/crates.io-index"
checksum = "826e7639553986605ec5979c7dd957c7895e93eabed50ab2ffa7f6128a75097c"
